
Microsoft Visual Studio Solution File, Format Version 12.00
# Visual Studio Version 17
VisualStudioVersion = 17.11.35222.181
MinimumVisualStudioVersion = 10.0.40219.1
Project("{FAE04EC0-301F-11D3-BF4B-00C04F79EFBC}") = "GlassBridge", "GlassBridge.csproj", "{23510E61-3E89-4687-B3FD-9BF01F48BD83}"
EndProject
Global
	GlobalSection(SolutionConfigurationPlatforms) = preSolution
		Debug|Any CPU = Debug|Any CPU
		Release|Any CPU = Release|Any CPU
	EndGlobalSection
	GlobalSection(ProjectConfigurationPlatforms) = postSolution
		{23510E61-3E89-4687-B3FD-9BF01F48BD83}.Debug|Any CPU.ActiveCfg = Debug|Any CPU
		{23510E61-3E89-4687-B3FD-9BF01F48BD83}.Debug|Any CPU.Build.0 = Debug|Any CPU
		{23510E61-3E89-4687-B3FD-9BF01F48BD83}.Release|Any CPU.ActiveCfg = Release|Any CPU
		{23510E61-3E89-4687-B3FD-9BF01F48BD83}.Release|Any CPU.Build.0 = Release|Any CPU
	EndGlobalSection
	GlobalSection(SolutionProperties) = preSolution
		HideSolutionNode = FALSE
	EndGlobalSection
	GlobalSection(ExtensibilityGlobals) = postSolution
		SolutionGuid = {1B85EF2C-9521-4CEE-815E-0D2671769A20}
	EndGlobalSection
EndGlobal
